
Microsoft Visual Studio Solution File, Format Version 12.00
# Visual Studio Version 16
VisualStudioVersion = 16.0.30711.63
MinimumVisualStudioVersion = 10.0.40219.1
Project("{9A19103F-16F7-4668-BE54-9A1E7A4F7556}") = "WebAPI", "WebAPI\WebAPI.csproj", "{BE98148D-DA98-4829-A2F6-DD1DB80C11D6}"
EndProject
Project("{9A19103F-16F7-4668-BE54-9A1E7A4F7556}") = "Entities", "Entities\Entities.csproj", "{E3B88675-9DFB-41E4-8BA2-1B8429EA7AE8}"
EndProject
Project("{9A19103F-16F7-4668-BE54-9A1E7A4F7556}") = "Infrastructure", "Infrasctruture\Infrastructure.csproj", "{8F305BED-503D-452F-8CBD-F03FE00F547D}"
EndProject
Project("{9A19103F-16F7-4668-BE54-9A1E7A4F7556}") = "Validations", "Validations\Validations.csproj", "{2B294442-DDA9-43DF-8B52-75D87B07E384}"
EndProject
Project("{9A19103F-16F7-4668-BE54-9A1E7A4F7556}") = "Resources", "Resources\Resources.csproj", "{3A5C73EA-C6F1-4AE9-B108-D1C7B9CB03A4}"
EndProject
Project("{9A19103F-16F7-4668-BE54-9A1E7A4F7556}") = "Persistence", "Persistence\Persistence.csproj", "{C8347B1D-CF60-4AA8-B35E-05E0251E8AA9}"
EndProject
Project("{2150E333-8FDC-42A3-9474-1A3956D46DE8}") = "Client", "Client", "{1ECB6FEE-BF56-4DE5-BB9E-4A8F7CA45B8F}"
EndProject
Project("{9A19103F-16F7-4668-BE54-9A1E7A4F7556}") = "Sole.Services", "..\..\Sole\Sole-WebAPI\Services\Sole.Services.csproj", "{006F6C80-901E-4442-94FC-CD98D44E6E32}"
EndProject
Project("{9A19103F-16F7-4668-BE54-9A1E7A4F7556}") = "Sole.Resources", "..\..\Sole\Sole-WebAPI\Resources\Sole.Resources.csproj", "{220145EF-AFC8-4D0E-B0F3-6518E3041856}"
EndProject
Project("{9A19103F-16F7-4668-BE54-9A1E7A4F7556}") = "Sole.Persistence.MongoDB", "..\..\Sole\Sole-WebAPI\Persistence\Sole.Persistence.MongoDB.csproj", "{114D5BB8-F625-411C-86FF-59C5E874CA27}"
EndProject
Project("{9A19103F-16F7-4668-BE54-9A1E7A4F7556}") = "Sole.Entities", "..\..\Sole\Sole-WebAPI\Entities\Sole.Entities.csproj", "{E68799DF-116F-4737-9486-902D24D16F6A}"
EndProject
Project("{2150E333-8FDC-42A3-9474-1A3956D46DE8}") = "Sole", "Sole", "{0DC5F9A9-625F-40BA-9FB5-1F0AC0F684AE}"
EndProject
Project("{9A19103F-16F7-4668-BE54-9A1E7A4F7556}") = "Sole.Core", "..\..\Sole\Sole-Framework\Sole.Core\Sole.Core.csproj", "{A3CDCC97-B6CB-4B42-8F62-A9F57F4749FF}"
EndProject
Global
	GlobalSection(SolutionConfigurationPlatforms) = preSolution
		Debug|Any CPU = Debug|Any CPU
		Release|Any CPU = Release|Any CPU
	EndGlobalSection
	GlobalSection(ProjectConfigurationPlatforms) = postSolution
		{BE98148D-DA98-4829-A2F6-DD1DB80C11D6}.Debug|Any CPU.ActiveCfg = Debug|Any CPU
		{BE98148D-DA98-4829-A2F6-DD1DB80C11D6}.Debug|Any CPU.Build.0 = Debug|Any CPU
		{BE98148D-DA98-4829-A2F6-DD1DB80C11D6}.Release|Any CPU.ActiveCfg = Release|Any CPU
		{BE98148D-DA98-4829-A2F6-DD1DB80C11D6}.Release|Any CPU.Build.0 = Release|Any CPU
		{E3B88675-9DFB-41E4-8BA2-1B8429EA7AE8}.Debug|Any CPU.ActiveCfg = Debug|Any CPU
		{E3B88675-9DFB-41E4-8BA2-1B8429EA7AE8}.Debug|Any CPU.Build.0 = Debug|Any CPU
		{E3B88675-9DFB-41E4-8BA2-1B8429EA7AE8}.Release|Any CPU.ActiveCfg = Release|Any CPU
		{E3B88675-9DFB-41E4-8BA2-1B8429EA7AE8}.Release|Any CPU.Build.0 = Release|Any CPU
		{8F305BED-503D-452F-8CBD-F03FE00F547D}.Debug|Any CPU.ActiveCfg = Debug|Any CPU
		{8F305BED-503D-452F-8CBD-F03FE00F547D}.Debug|Any CPU.Build.0 = Debug|Any CPU
		{8F305BED-503D-452F-8CBD-F03FE00F547D}.Release|Any CPU.ActiveCfg = Release|Any CPU
		{8F305BED-503D-452F-8CBD-F03FE00F547D}.Release|Any CPU.Build.0 = Release|Any CPU
		{2B294442-DDA9-43DF-8B52-75D87B07E384}.Debug|Any CPU.ActiveCfg = Debug|Any CPU
		{2B294442-DDA9-43DF-8B52-75D87B07E384}.Debug|Any CPU.Build.0 = Debug|Any CPU
		{2B294442-DDA9-43DF-8B52-75D87B07E384}.Release|Any CPU.ActiveCfg = Release|Any CPU
		{2B294442-DDA9-43DF-8B52-75D87B07E384}.Release|Any CPU.Build.0 = Release|Any CPU
		{3A5C73EA-C6F1-4AE9-B108-D1C7B9CB03A4}.Debug|Any CPU.ActiveCfg = Debug|Any CPU
		{3A5C73EA-C6F1-4AE9-B108-D1C7B9CB03A4}.Debug|Any CPU.Build.0 = Debug|Any CPU
		{3A5C73EA-C6F1-4AE9-B108-D1C7B9CB03A4}.Release|Any CPU.ActiveCfg = Release|Any CPU
		{3A5C73EA-C6F1-4AE9-B108-D1C7B9CB03A4}.Release|Any CPU.Build.0 = Release|Any CPU
		{C8347B1D-CF60-4AA8-B35E-05E0251E8AA9}.Debug|Any CPU.ActiveCfg = Debug|Any CPU
		{C8347B1D-CF60-4AA8-B35E-05E0251E8AA9}.Debug|Any CPU.Build.0 = Debug|Any CPU
		{C8347B1D-CF60-4AA8-B35E-05E0251E8AA9}.Release|Any CPU.ActiveCfg = Release|Any CPU
		{C8347B1D-CF60-4AA8-B35E-05E0251E8AA9}.Release|Any CPU.Build.0 = Release|Any CPU
		{006F6C80-901E-4442-94FC-CD98D44E6E32}.Debug|Any CPU.ActiveCfg = Debug|Any CPU
		{006F6C80-901E-4442-94FC-CD98D44E6E32}.Debug|Any CPU.Build.0 = Debug|Any CPU
		{006F6C80-901E-4442-94FC-CD98D44E6E32}.Release|Any CPU.ActiveCfg = Release|Any CPU
		{006F6C80-901E-4442-94FC-CD98D44E6E32}.Release|Any CPU.Build.0 = Release|Any CPU
		{220145EF-AFC8-4D0E-B0F3-6518E3041856}.Debug|Any CPU.ActiveCfg = Debug|Any CPU
		{220145EF-AFC8-4D0E-B0F3-6518E3041856}.Debug|Any CPU.Build.0 = Debug|Any CPU
		{220145EF-AFC8-4D0E-B0F3-6518E3041856}.Release|Any CPU.ActiveCfg = Release|Any CPU
		{220145EF-AFC8-4D0E-B0F3-6518E3041856}.Release|Any CPU.Build.0 = Release|Any CPU
		{114D5BB8-F625-411C-86FF-59C5E874CA27}.Debug|Any CPU.ActiveCfg = Debug|Any CPU
		{114D5BB8-F625-411C-86FF-59C5E874CA27}.Debug|Any CPU.Build.0 = Debug|Any CPU
		{114D5BB8-F625-411C-86FF-59C5E874CA27}.Release|Any CPU.ActiveCfg = Release|Any CPU
		{114D5BB8-F625-411C-86FF-59C5E874CA27}.Release|Any CPU.Build.0 = Release|Any CPU
		{E68799DF-116F-4737-9486-902D24D16F6A}.Debug|Any CPU.ActiveCfg = Debug|Any CPU
		{E68799DF-116F-4737-9486-902D24D16F6A}.Debug|Any CPU.Build.0 = Debug|Any CPU
		{E68799DF-116F-4737-9486-902D24D16F6A}.Release|Any CPU.ActiveCfg = Release|Any CPU
		{E68799DF-116F-4737-9486-902D24D16F6A}.Release|Any CPU.Build.0 = Release|Any CPU
		{A3CDCC97-B6CB-4B42-8F62-A9F57F4749FF}.Debug|Any CPU.ActiveCfg = Debug|Any CPU
		{A3CDCC97-B6CB-4B42-8F62-A9F57F4749FF}.Debug|Any CPU.Build.0 = Debug|Any CPU
		{A3CDCC97-B6CB-4B42-8F62-A9F57F4749FF}.Release|Any CPU.ActiveCfg = Release|Any CPU
		{A3CDCC97-B6CB-4B42-8F62-A9F57F4749FF}.Release|Any CPU.Build.0 = Release|Any CPU
	EndGlobalSection
	GlobalSection(SolutionProperties) = preSolution
		HideSolutionNode = FALSE
	EndGlobalSection
	GlobalSection(NestedProjects) = preSolution
		{006F6C80-901E-4442-94FC-CD98D44E6E32} = {1ECB6FEE-BF56-4DE5-BB9E-4A8F7CA45B8F}
		{220145EF-AFC8-4D0E-B0F3-6518E3041856} = {1ECB6FEE-BF56-4DE5-BB9E-4A8F7CA45B8F}
		{114D5BB8-F625-411C-86FF-59C5E874CA27} = {1ECB6FEE-BF56-4DE5-BB9E-4A8F7CA45B8F}
		{E68799DF-116F-4737-9486-902D24D16F6A} = {1ECB6FEE-BF56-4DE5-BB9E-4A8F7CA45B8F}
		{A3CDCC97-B6CB-4B42-8F62-A9F57F4749FF} = {0DC5F9A9-625F-40BA-9FB5-1F0AC0F684AE}
	EndGlobalSection
	GlobalSection(ExtensibilityGlobals) = postSolution
		SolutionGuid = {12B54B24-D5AA-452E-B4CE-CAB8F65472F6}
	EndGlobalSection
EndGlobal
